Microsoft Visual Studio Solution File, Format Version 12.00
# Visual Studio 2012
Project("{FAE04EC0-301F-11D3-BF4B-00C04F79EFBC}") = "Bowling Game", "Bowling Game.csproj", "{3E4AF742-652E-469B-872A-D2F419367E04}"
EndProject
Global
	GlobalSection(SolutionConfigurationPlatforms) = preSolution
	Debug|Any CPU = Debug|Any CPU
	ExportDebug|Any CPU = ExportDebug|Any CPU
	ExportRelease|Any CPU = ExportRelease|Any CPU
	EndGlobalSection
	GlobalSection(ProjectConfigurationPlatforms) = postSolution
		{3E4AF742-652E-469B-872A-D2F419367E04}.Debug|Any CPU.ActiveCfg = Debug|Any CPU
		{3E4AF742-652E-469B-872A-D2F419367E04}.Debug|Any CPU.Build.0 = Debug|Any CPU
		{3E4AF742-652E-469B-872A-D2F419367E04}.ExportDebug|Any CPU.ActiveCfg = ExportDebug|Any CPU
		{3E4AF742-652E-469B-872A-D2F419367E04}.ExportDebug|Any CPU.Build.0 = ExportDebug|Any CPU
		{3E4AF742-652E-469B-872A-D2F419367E04}.ExportRelease|Any CPU.ActiveCfg = ExportRelease|Any CPU
		{3E4AF742-652E-469B-872A-D2F419367E04}.ExportRelease|Any CPU.Build.0 = ExportRelease|Any CPU
	EndGlobalSection
EndGlobal
